// !$*UTF8*$!
{
	archiveVersion = 1;
	classes = {
	};
	objectVersion = 50;
	objects = {

/* Begin PBXBuildFile section */
		54BF5DC422257ED40084E57C /* AppDelegate.swift in Sources */ = {isa = PBXBuildFile; fileRef = 54BF5DC322257ED40084E57C /* AppDelegate.swift */; };
		54BF5DC922257ED40084E57C /* Main.storyboard in Resources */ = {isa = PBXBuildFile; fileRef = 54BF5DC722257ED40084E57C /* Main.storyboard */; };
		54BF5DCB22257ED70084E57C /* Assets.xcassets in Resources */ = {isa = PBXBuildFile; fileRef = 54BF5DCA22257ED70084E57C /* Assets.xcassets */; };
		54BF5DCE22257ED70084E57C /* LaunchScreen.storyboard in Resources */ = {isa = PBXBuildFile; fileRef = 54BF5DCC22257ED70084E57C /* LaunchScreen.storyboard */; };
		54BF5DD922257ED70084E57C /* splitView2Tests.swift in Sources */ = {isa = PBXBuildFile; fileRef = 54BF5DD822257ED70084E57C /* splitView2Tests.swift */; };
		54BF5DE422257ED70084E57C /* splitView2UITests.swift in Sources */ = {isa = PBXBuildFile; fileRef = 54BF5DE322257ED70084E57C /* splitView2UITests.swift */; };
		54BF5DF222257F3C0084E57C /* DetailViewController.swift in Sources */ = {isa = PBXBuildFile; fileRef = 54BF5DF122257F3C0084E57C /* DetailViewController.swift */; };
		54BF5DF422257F500084E57C /* card.swift in Sources */ = {isa = PBXBuildFile; fileRef = 54BF5DF322257F500084E57C /* card.swift */; };
		54BF5DF8222584B10084E57C /* ListViewController.swift in Sources */ = {isa = PBXBuildFile; fileRef = 54BF5DF7222584B10084E57C /* ListViewController.swift */; };
		54BF5DFA222584D30084E57C /* ViewController.swift in Sources */ = {isa = PBXBuildFile; fileRef = 54BF5DF9222584D30084E57C /* ViewController.swift */; };
/* End PBXBuildFile section */

/* Begin PBXContainerItemProxy section */
		54BF5DD522257ED70084E57C /* PBXContainerItemProxy */ = {
			isa = PBXContainerItemProxy;
			containerPortal = 54BF5DB822257ED40084E57C /* Project object */;
			proxyType = 1;
			remoteGlobalIDString = 54BF5DBF22257ED40084E57C;
			remoteInfo = splitView2;
		};
		54BF5DE022257ED70084E57C /* PBXContainerItemProxy */ = {
			isa = PBXContainerItemProxy;
			containerPortal = 54BF5DB822257ED40084E57C /* Project object */;
			proxyType = 1;
			remoteGlobalIDString = 54BF5DBF22257ED40084E57C;
			remoteInfo = splitView2;
		};
/* End PBXContainerItemProxy section */

/* Begin PBXFileReference section */
		54BF5DC022257ED40084E57C /* splitView2.app */ = {isa = PBXFileReference; explicitFileType = wrapper.application; includeInIndex = 0; path = splitView2.app; sourceTree = BUILT_PRODUCTS_DIR; };
		54BF5DC322257ED40084E57C /* AppDelegate.swift */ = {isa = PBXFileReference; lastKnownFileType = sourcecode.swift; path = AppDelegate.swift; sourceTree = "<group>"; };
		54BF5DC822257ED40084E57C /* Base */ = {isa = PBXFileReference; lastKnownFileType = file.storyboard; name = Base; path = Base.lproj/Main.storyboard; sourceTree = "<group>"; };
		54BF5DCA22257ED70084E57C /* Assets.xcassets */ = {isa = PBXFileReference; lastKnownFileType = folder.assetcatalog; path = Assets.xcassets; sourceTree = "<group>"; };
		54BF5DCD22257ED70084E57C /* Base */ = {isa = PBXFileReference; lastKnownFileType = file.storyboard; name = Base; path = Base.lproj/LaunchScreen.storyboard; sourceTree = "<group>"; };
		54BF5DCF22257ED70084E57C /* Info.plist */ = {isa = PBXFileReference; lastKnownFileType = text.plist.xml; path = Info.plist; sourceTree = "<group>"; };
		54BF5DD422257ED70084E57C /* splitView2Tests.xctest */ = {isa = PBXFileReference; explicitFileType = wrapper.cfbundle; includeInIndex = 0; path = splitView2Tests.xctest; sourceTree = BUILT_PRODUCTS_DIR; };
		54BF5DD822257ED70084E57C /* splitView2Tests.swift */ = {isa = PBXFileReference; lastKnownFileType = sourcecode.swift; path = splitView2Tests.swift; sourceTree = "<group>"; };
		54BF5DDA22257ED70084E57C /* Info.plist */ = {isa = PBXFileReference; lastKnownFileType = text.plist.xml; path = Info.plist; sourceTree = "<group>"; };
		54BF5DDF22257ED70084E57C /* splitView2UITests.xctest */ = {isa = PBXFileReference; explicitFileType = wrapper.cfbundle; includeInIndex = 0; path = splitView2UITests.xctest; sourceTree = BUILT_PRODUCTS_DIR; };
		54BF5DE322257ED70084E57C /* splitView2UITests.swift */ = {isa = PBXFileReference; lastKnownFileType = sourcecode.swift; path = splitView2UITests.swift; sourceTree = "<group>"; };
		54BF5DE522257ED70084E57C /* Info.plist */ = {isa = PBXFileReference; lastKnownFileType = text.plist.xml; path = Info.plist; sourceTree = "<group>"; };
		54BF5DF122257F3C0084E57C /* DetailViewController.swift */ = {isa = PBXFileReference; lastKnownFileType = sourcecode.swift; path = DetailViewController.swift; sourceTree = "<group>"; };
		54BF5DF322257F500084E57C /* card.swift */ = {isa = PBXFileReference; lastKnownFileType = sourcecode.swift; path = card.swift; sourceTree = "<group>"; };
		54BF5DF7222584B10084E57C /* ListViewController.swift */ = {isa = PBXFileReference; lastKnownFileType = sourcecode.swift; path = ListViewController.swift; sourceTree = "<group>"; };
		54BF5DF9222584D30084E57C /* ViewController.swift */ = {isa = PBXFileReference; lastKnownFileType = sourcecode.swift; path = ViewController.swift; sourceTree = "<group>"; };
/* End PBXFileReference section */

/* Begin PBXFrameworksBuildPhase section */
		54BF5DBD22257ED40084E57C /* Frameworks */ = {
			isa = PBXFrameworksBuildPhase;
			buildActionMask = 2147483647;
			files = (
			);
			runOnlyForDeploymentPostprocessing = 0;
		};
		54BF5DD122257ED70084E57C /* Frameworks */ = {
			isa = PBXFrameworksBuildPhase;
			buildActionMask = 2147483647;
			files = (
			);
			runOnlyForDeploymentPostprocessing = 0;
		};
		54BF5DDC22257ED70084E57C /* Frameworks */ = {
			isa = PBXFrameworksBuildPhase;
			buildActionMask = 2147483647;
			files = (
			);
			runOnlyForDeploymentPostprocessing = 0;
		};
/* End PBXFrameworksBuildPhase section */

/* Begin PBXGroup section */
		54BF5DB722257ED40084E57C = {
			isa = PBXGroup;
			children = (
				54BF5DC222257ED40084E57C /* splitView2 */,
				54BF5DD722257ED70084E57C /* splitView2Tests */,
				54BF5DE222257ED70084E57C /* splitView2UITests */,
				54BF5DC122257ED40084E57C /* Products */,
			);
			sourceTree = "<group>";
		};
		54BF5DC122257ED40084E57C /* Products */ = {
			isa = PBXGroup;
			children = (
				54BF5DC022257ED40084E57C /* splitView2.app */,
				54BF5DD422257ED70084E57C /* splitView2Tests.xctest */,
				54BF5DDF22257ED70084E57C /* splitView2UITests.xctest */,
			);
			name = Products;
			sourceTree = "<group>";
		};
		54BF5DC222257ED40084E57C /* splitView2 */ = {
			isa = PBXGroup;
			children = (
				54BF5DC322257ED40084E57C /* AppDelegate.swift */,
				54BF5DC722257ED40084E57C /* Main.storyboard */,
				54BF5DCA22257ED70084E57C /* Assets.xcassets */,
				54BF5DCC22257ED70084E57C /* LaunchScreen.storyboard */,
				54BF5DCF22257ED70084E57C /* Info.plist */,
				54BF5DF122257F3C0084E57C /* DetailViewController.swift */,
				54BF5DF322257F500084E57C /* card.swift */,
				54BF5DF7222584B10084E57C /* ListViewController.swift */,
				54BF5DF9222584D30084E57C /* ViewController.swift */,
			);
			path = splitView2;
			sourceTree = "<group>";
		};
		54BF5DD722257ED70084E57C /* splitView2Tests */ = {
			isa = PBXGroup;
			children = (
				54BF5DD822257ED70084E57C /* splitView2Tests.swift */,
				54BF5DDA22257ED70084E57C /* Info.plist */,
			);
			path = splitView2Tests;
			sourceTree = "<group>";
		};
		54BF5DE222257ED70084E57C /* splitView2UITests */ = {
			isa = PBXGroup;
			children = (
				54BF5DE322257ED70084E57C /* splitView2UITests.swift */,
				54BF5DE522257ED70084E57C /* Info.plist */,
			);
			path = splitView2UITests;
			sourceTree = "<group>";
		};
/* End PBXGroup section */

/* Begin PBXNativeTarget section */
		54BF5DBF22257ED40084E57C /* splitView2 */ = {
			isa = PBXNativeTarget;
			buildConfigurationList = 54BF5DE822257ED70084E57C /* Build configuration list for PBXNativeTarget "splitView2" */;
			buildPhases = (
				54BF5DBC22257ED40084E57C /* Sources */,
				54BF5DBD22257ED40084E57C /* Frameworks */,
				54BF5DBE22257ED40084E57C /* Resources */,
			);
			buildRules = (
			);
			dependencies = (
			);
			name = splitView2;
			productName = splitView2;
			productReference = 54BF5DC022257ED40084E57C /* splitView2.app */;
			productType = "com.apple.product-type.application";
		};
		54BF5DD322257ED70084E57C /* splitView2Tests */ = {
			isa = PBXNativeTarget;
			buildConfigurationList = 54BF5DEB22257ED70084E57C /* Build configuration list for PBXNativeTarget "splitView2Tests" */;
			buildPhases = (
				54BF5DD022257ED70084E57C /* Sources */,
				54BF5DD122257ED70084E57C /* Frameworks */,
				54BF5DD222257ED70084E57C /* Resources */,
			);
			buildRules = (
			);
			dependencies = (
				54BF5DD622257ED70084E57C /* PBXTargetDependency */,
			);
			name = splitView2Tests;
			productName = splitView2Tests;
			productReference = 54BF5DD422257ED70084E57C /* splitView2Tests.xctest */;
			productType = "com.apple.product-type.bundle.unit-test";
		};
		54BF5DDE22257ED70084E57C /* splitView2UITests */ = {
			isa = PBXNativeTarget;
			buildConfigurationList = 54BF5DEE22257ED70084E57C /* Build configuration list for PBXNativeTarget "splitView2UITests" */;
			buildPhases = (
				54BF5DDB22257ED70084E57C /* Sources */,
				54BF5DDC22257ED70084E57C /* Frameworks */,
				54BF5DDD22257ED70084E57C /* Resources */,
			);
			buildRules = (
			);
			dependencies = (
				54BF5DE122257ED70084E57C /* PBXTargetDependency */,
			);
			name = splitView2UITests;
			productName = splitView2UITests;
			productReference = 54BF5DDF22257ED70084E57C /* splitView2UITests.xctest */;
			productType = "com.apple.product-type.bundle.ui-testing";
		};
/* End PBXNativeTarget section */

/* Begin PBXProject section */
		54BF5DB822257ED40084E57C /* Project object */ = {
			isa = PBXProject;
			attributes = {
				LastSwiftUpdateCheck = 1010;
				LastUpgradeCheck = 1010;
				ORGANIZATIONNAME = "Anna Yuan";
				TargetAttributes = {
					54BF5DBF22257ED40084E57C = {
						CreatedOnToolsVersion = 10.1;
					};
					54BF5DD322257ED70084E57C = {
						CreatedOnToolsVersion = 10.1;
						TestTargetID = 54BF5DBF22257ED40084E57C;
					};
					54BF5DDE22257ED70084E57C = {
						CreatedOnToolsVersion = 10.1;
						TestTargetID = 54BF5DBF22257ED40084E57C;
					};
				};
			};
			buildConfigurationList = 54BF5DBB22257ED40084E57C /* Build configuration list for PBXProject "splitView2" */;
			compatibilityVersion = "Xcode 9.3";
			developmentRegion = en;
			hasScannedForEncodings = 0;
			knownRegions = (
				en,
				Base,
			);
			mainGroup = 54BF5DB722257ED40084E57C;
			productRefGroup = 54BF5DC122257ED40084E57C /* Products */;
			projectDirPath = "";
			projectRoot = "";
			targets = (
				54BF5DBF22257ED40084E57C /* splitView2 */,
				54BF5DD322257ED70084E57C /* splitView2Tests */,
				54BF5DDE22257ED70084E57C /* splitView2UITests */,
			);
		};
/* End PBXProject section */

/* Begin PBXResourcesBuildPhase section */
		54BF5DBE22257ED40084E57C /* Resources */ = {
			isa = PBXResourcesBuildPhase;
			buildActionMask = 2147483647;
			files = (
				54BF5DCE22257ED70084E57C /* LaunchScreen.storyboard in Resources */,
				54BF5DCB22257ED70084E57C /* Assets.xcassets in Resources */,
				54BF5DC922257ED40084E57C /* Main.storyboard in Resources */,
			);
			runOnlyForDeploymentPostprocessing = 0;
		};
		54BF5DD222257ED70084E57C /* Resources */ = {
			isa = PBXResourcesBuildPhase;
			buildActionMask = 2147483647;
			files = (
			);
			runOnlyForDeploymentPostprocessing = 0;
		};
		54BF5DDD22257ED70084E57C /* Resources */ = {
			isa = PBXResourcesBuildPhase;
			buildActionMask = 2147483647;
			files = (
			);
			runOnlyForDeploymentPostprocessing = 0;
		};
/* End PBXResourcesBuildPhase section */

/* Begin PBXSourcesBuildPhase section */
		54BF5DBC22257ED40084E57C /* Sources */ = {
			isa = PBXSourcesBuildPhase;
			buildActionMask = 2147483647;
			files = (
				54BF5DFA222584D30084E57C /* ViewController.swift in Sources */,
				54BF5DF222257F3C0084E57C /* DetailViewController.swift in Sources */,
				54BF5DC422257ED40084E57C /* AppDelegate.swift in Sources */,
				54BF5DF8222584B10084E57C /* ListViewController.swift in Sources */,
				54BF5DF422257F500084E57C /* card.swift in Sources */,
			);
			runOnlyForDeploymentPostprocessing = 0;
		};
		54BF5DD022257ED70084E57C /* Sources */ = {
			isa = PBXSourcesBuildPhase;
			buildActionMask = 2147483647;
			files = (
				54BF5DD922257ED70084E57C /* splitView2Tests.swift in Sources */,
			);
			runOnlyForDeploymentPostprocessing = 0;
		};
		54BF5DDB22257ED70084E57C /* Sources */ = {
			isa = PBXSourcesBuildPhase;
			buildActionMask = 2147483647;
			files = (
				54BF5DE422257ED70084E57C /* splitView2UITests.swift in Sources */,
			);
			runOnlyForDeploymentPostprocessing = 0;
		};
/* End PBXSourcesBuildPhase section */

/* Begin PBXTargetDependency section */
		54BF5DD622257ED70084E57C /* PBXTargetDependency */ = {
			isa = PBXTargetDependency;
			target = 54BF5DBF22257ED40084E57C /* splitView2 */;
			targetProxy = 54BF5DD522257ED70084E57C /* PBXContainerItemProxy */;
		};
		54BF5DE122257ED70084E57C /* PBXTargetDependency */ = {
			isa = PBXTargetDependency;
			target = 54BF5DBF22257ED40084E57C /* splitView2 */;
			targetProxy = 54BF5DE022257ED70084E57C /* PBXContainerItemProxy */;
		};
/* End PBXTargetDependency section */

/* Begin PBXVariantGroup section */
		54BF5DC722257ED40084E57C /* Main.storyboard */ = {
			isa = PBXVariantGroup;
			children = (
				54BF5DC822257ED40084E57C /* Base */,
			);
			name = Main.storyboard;
			sourceTree = "<group>";
		};
		54BF5DCC22257ED70084E57C /* LaunchScreen.storyboard */ = {
			isa = PBXVariantGroup;
			children = (
				54BF5DCD22257ED70084E57C /* Base */,
			);
			name = LaunchScreen.storyboard;
			sourceTree = "<group>";
		};
/* End PBXVariantGroup section */

/* Begin XCBuildConfiguration section */
		54BF5DE622257ED70084E57C /* Debug */ = {
			isa = XCBuildConfiguration;
			buildSettings = {
				ALWAYS_SEARCH_USER_PATHS = NO;
				CLANG_ANALYZER_NONNULL = YES;
				CLANG_ANALYZER_NUMBER_OBJECT_CONVERSION = YES_AGGRESSIVE;
				CLANG_CXX_LANGUAGE_STANDARD = "gnu++14";
				CLANG_CXX_LIBRARY = "libc++";
				CLANG_ENABLE_MODULES = YES;
				CLANG_ENABLE_OBJC_ARC = YES;
				CLANG_ENABLE_OBJC_WEAK = YES;
				CLANG_WARN_BLOCK_CAPTURE_AUTORELEASING = YES;
				CLANG_WARN_BOOL_CONVERSION = YES;
				CLANG_WARN_COMMA = YES;
				CLANG_WARN_CONSTANT_CONVERSION = YES;
				CLANG_WARN_DEPRECATED_OBJC_IMPLEMENTATIONS = YES;
				CLANG_WARN_DIRECT_OBJC_ISA_USAGE = YES_ERROR;
				CLANG_WARN_DOCUMENTATION_COMMENTS = YES;
				CLANG_WARN_EMPTY_BODY = YES;
				CLANG_WARN_ENUM_CONVERSION = YES;
				CLANG_WARN_INFINITE_RECURSION = YES;
				CLANG_WARN_INT_CONVERSION = YES;
				CLANG_WARN_NON_LITERAL_NULL_CONVERSION = YES;
				CLANG_WARN_OBJC_IMPLICIT_RETAIN_SELF = YES;
				CLANG_WARN_OBJC_LITERAL_CONVERSION = YES;
				CLANG_WARN_OBJC_ROOT_CLASS = YES_ERROR;
				CLANG_WARN_RANGE_LOOP_ANALYSIS = YES;
				CLANG_WARN_STRICT_PROTOTYPES = YES;
				CLANG_WARN_SUSPICIOUS_MOVE = YES;
				CLANG_WARN_UNGUARDED_AVAILABILITY = YES_AGGRESSIVE;
				CLANG_WARN_UNREACHABLE_CODE = YES;
				CLANG_WARN__DUPLICATE_METHOD_MATCH = YES;
				CODE_SIGN_IDENTITY = "iPhone Developer";
				COPY_PHASE_STRIP = NO;
				DEBUG_INFORMATION_FORMAT = dwarf;
				ENABLE_STRICT_OBJC_MSGSEND = YES;
				ENABLE_TESTABILITY = YES;
				GCC_C_LANGUAGE_STANDARD = gnu11;
				GCC_DYNAMIC_NO_PIC = NO;
				GCC_NO_COMMON_BLOCKS = YES;
				GCC_OPTIMIZATION_LEVEL = 0;
				GCC_PREPROCESSOR_DEFINITIONS = (
					"DEBUG=1",
					"$(inherited)",
				);
				GCC_WARN_64_TO_32_BIT_CONVERSION = YES;
				GCC_WARN_ABOUT_RETURN_TYPE = YES_ERROR;
				GCC_WARN_UNDECLARED_SELECTOR = YES;
				GCC_WARN_UNINITIALIZED_AUTOS = YES_AGGRESSIVE;
				GCC_WARN_UNUSED_FUNCTION = YES;
				GCC_WARN_UNUSED_VARIABLE = YES;
				IPHONEOS_DEPLOYMENT_TARGET = 12.1;
				MTL_ENABLE_DEBUG_INFO = INCLUDE_SOURCE;
				MTL_FAST_MATH = YES;
				ONLY_ACTIVE_ARCH = YES;
				SDKROOT = iphoneos;
				SWIFT_ACTIVE_COMPILATION_CONDITIONS = DEBUG;
				SWIFT_OPTIMIZATION_LEVEL = "-Onone";
			};
			name = Debug;
		};
		54BF5DE722257ED70084E57C /* Release */ = {
			isa = XCBuildConfiguration;
			buildSettings = {
				ALWAYS_SEARCH_USER_PATHS = NO;
				CLANG_ANALYZER_NONNULL = YES;
				CLANG_ANALYZER_NUMBER_OBJECT_CONVERSION = YES_AGGRESSIVE;
				CLANG_CXX_LANGUAGE_STANDARD = "gnu++14";
				CLANG_CXX_LIBRARY = "libc++";
				CLANG_ENABLE_MODULES = YES;
				CLANG_ENABLE_OBJC_ARC = YES;
				CLANG_ENABLE_OBJC_WEAK = YES;
				CLANG_WARN_BLOCK_CAPTURE_AUTORELEASING = YES;
				CLANG_WARN_BOOL_CONVERSION = YES;
				CLANG_WARN_COMMA = YES;
				CLANG_WARN_CONSTANT_CONVERSION = YES;
				CLANG_WARN_DEPRECATED_OBJC_IMPLEMENTATIONS = YES;
				CLANG_WARN_DIRECT_OBJC_ISA_USAGE = YES_ERROR;
				CLANG_WARN_DOCUMENTATION_COMMENTS = YES;
				CLANG_WARN_EMPTY_BODY = YES;
				CLANG_WARN_ENUM_CONVERSION = YES;
				CLANG_WARN_INFINITE_RECURSION = YES;
				CLANG_WARN_INT_CONVERSION = YES;
				CLANG_WARN_NON_LITERAL_NULL_CONVERSION = YES;
				CLANG_WARN_OBJC_IMPLICIT_RETAIN_SELF = YES;
				CLANG_WARN_OBJC_LITERAL_CONVERSION = YES;
				CLANG_WARN_OBJC_ROOT_CLASS = YES_ERROR;
				CLANG_WARN_RANGE_LOOP_ANALYSIS = YES;
				CLANG_WARN_STRICT_PROTOTYPES = YES;
				CLANG_WARN_SUSPICIOUS_MOVE = YES;
				CLANG_WARN_UNGUARDED_AVAILABILITY = YES_AGGRESSIVE;
				CLANG_WARN_UNREACHABLE_CODE = YES;
				CLANG_WARN__DUPLICATE_METHOD_MATCH = YES;
				CODE_SIGN_IDENTITY = "iPhone Developer";
				COPY_PHASE_STRIP = NO;
				DEBUG_INFORMATION_FORMAT = "dwarf-with-dsym";
				ENABLE_NS_ASSERTIONS = NO;
				ENABLE_STRICT_OBJC_MSGSEND = YES;
				GCC_C_LANGUAGE_STANDARD = gnu11;
				GCC_NO_COMMON_BLOCKS = YES;
				GCC_WARN_64_TO_32_BIT_CONVERSION = YES;
				GCC_WARN_ABOUT_RETURN_TYPE = YES_ERROR;
				GCC_WARN_UNDECLARED_SELECTOR = YES;
				GCC_WARN_UNINITIALIZED_AUTOS = YES_AGGRESSIVE;
				GCC_WARN_UNUSED_FUNCTION = YES;
				GCC_WARN_UNUSED_VARIABLE = YES;
				IPHONEOS_DEPLOYMENT_TARGET = 12.1;
				MTL_ENABLE_DEBUG_INFO = NO;
				MTL_FAST_MATH = YES;
				SDKROOT = iphoneos;
				SWIFT_COMPILATION_MODE = wholemodule;
				SWIFT_OPTIMIZATION_LEVEL = "-O";
				VALIDATE_PRODUCT = YES;
			};
			name = Release;
		};
		54BF5DE922257ED70084E57C /* Debug */ = {
			isa = XCBuildConfiguration;
			buildSettings = {
				ASSETCATALOG_COMPILER_APPICON_NAME = AppIcon;
				CODE_SIGN_STYLE = Automatic;
				INFOPLIST_FILE = splitView2/Info.plist;
				LD_RUNPATH_SEARCH_PATHS = (
					"$(inherited)",
					"@executable_path/Frameworks",
				);
				PRODUCT_BUNDLE_IDENTIFIER = Ana.splitView2;
				PRODUCT_NAME = "$(TARGET_NAME)";
				SWIFT_VERSION = 4.2;
				TARGETED_DEVICE_FAMILY = "1,2";
			};
			name = Debug;
		};
		54BF5DEA22257ED70084E57C /* Release */ = {
			isa = XCBuildConfiguration;
			buildSettings = {
				ASSETCATALOG_COMPILER_APPICON_NAME = AppIcon;
				CODE_SIGN_STYLE = Automatic;
				INFOPLIST_FILE = splitView2/Info.plist;
				LD_RUNPATH_SEARCH_PATHS = (
					"$(inherited)",
					"@executable_path/Frameworks",
				);
				PRODUCT_BUNDLE_IDENTIFIER = Ana.splitView2;
				PRODUCT_NAME = "$(TARGET_NAME)";
				SWIFT_VERSION = 4.2;
				TARGETED_DEVICE_FAMILY = "1,2";
			};
			name = Release;
		};
		54BF5DEC22257ED70084E57C /* Debug */ = {
			isa = XCBuildConfiguration;
			buildSettings = {
				ALWAYS_EMBED_SWIFT_STANDARD_LIBRARIES = YES;
				BUNDLE_LOADER = "$(TEST_HOST)";
				CODE_SIGN_STYLE = Automatic;
				INFOPLIST_FILE = splitView2Tests/Info.plist;
				LD_RUNPATH_SEARCH_PATHS = (
					"$(inherited)",
					"@executable_path/Frameworks",
					"@loader_path/Frameworks",
				);
				PRODUCT_BUNDLE_IDENTIFIER = Ana.splitView2Tests;
				PRODUCT_NAME = "$(TARGET_NAME)";
				SWIFT_VERSION = 4.2;
				TARGETED_DEVICE_FAMILY = "1,2";
				TEST_HOST = "$(BUILT_PRODUCTS_DIR)/splitView2.app/splitView2";
			};
			name = Debug;
		};
		54BF5DED22257ED70084E57C /* Release */ = {
			isa = XCBuildConfiguration;
			buildSettings = {
				ALWAYS_EMBED_SWIFT_STANDARD_LIBRARIES = YES;
				BUNDLE_LOADER = "$(TEST_HOST)";
				CODE_SIGN_STYLE = Automatic;
				INFOPLIST_FILE = splitView2Tests/Info.plist;
				LD_RUNPATH_SEARCH_PATHS = (
					"$(inherited)",
					"@executable_path/Frameworks",
					"@loader_path/Frameworks",
				);
				PRODUCT_BUNDLE_IDENTIFIER = Ana.splitView2Tests;
				PRODUCT_NAME = "$(TARGET_NAME)";
				SWIFT_VERSION = 4.2;
				TARGETED_DEVICE_FAMILY = "1,2";
				TEST_HOST = "$(BUILT_PRODUCTS_DIR)/splitView2.app/splitView2";
			};
			name = Release;
		};
		54BF5DEF22257ED70084E57C /* Debug */ = {
			isa = XCBuildConfiguration;
			buildSettings = {
				ALWAYS_EMBED_SWIFT_STANDARD_LIBRARIES = YES;
				CODE_SIGN_STYLE = Automatic;
				INFOPLIST_FILE = splitView2UITests/Info.plist;
				LD_RUNPATH_SEARCH_PATHS = (
					"$(inherited)",
					"@executable_path/Frameworks",
					"@loader_path/Frameworks",
				);
				PRODUCT_BUNDLE_IDENTIFIER = Ana.splitView2UITests;
				PRODUCT_NAME = "$(TARGET_NAME)";
				SWIFT_VERSION = 4.2;
				TARGETED_DEVICE_FAMILY = "1,2";
				TEST_TARGET_NAME = splitView2;
			};
			name = Debug;
		};
		54BF5DF022257ED70084E57C /* Release */ = {
			isa = XCBuildConfiguration;
			buildSettings = {
				ALWAYS_EMBED_SWIFT_STANDARD_LIBRARIES = YES;
				CODE_SIGN_STYLE = Automatic;
				INFOPLIST_FILE = splitView2UITests/Info.plist;
				LD_RUNPATH_SEARCH_PATHS = (
					"$(inherited)",
					"@executable_path/Frameworks",
					"@loader_path/Frameworks",
				);
				PRODUCT_BUNDLE_IDENTIFIER = Ana.splitView2UITests;
				PRODUCT_NAME = "$(TARGET_NAME)";
				SWIFT_VERSION = 4.2;
				TARGETED_DEVICE_FAMILY = "1,2";
				TEST_TARGET_NAME = splitView2;
			};
			name = Release;
		};
/* End XCBuildConfiguration section */

/* Begin XCConfigurationList section */
		54BF5DBB22257ED40084E57C /* Build configuration list for PBXProject "splitView2" */ = {
			isa = XCConfigurationList;
			buildConfigurations = (
				54BF5DE622257ED70084E57C /* Debug */,
				54BF5DE722257ED70084E57C /* Release */,
			);
			defaultConfigurationIsVisible = 0;
			defaultConfigurationName = Release;
		};
		54BF5DE822257ED70084E57C /* Build configuration list for PBXNativeTarget "splitView2" */ = {
			isa = XCConfigurationList;
			buildConfigurations = (
				54BF5DE922257ED70084E57C /* Debug */,
				54BF5DEA22257ED70084E57C /* Release */,
			);
			defaultConfigurationIsVisible = 0;
			defaultConfigurationName = Release;
		};
		54BF5DEB22257ED70084E57C /* Build configuration list for PBXNativeTarget "splitView2Tests" */ = {
			isa = XCConfigurationList;
			buildConfigurations = (
				54BF5DEC22257ED70084E57C /* Debug */,
				54BF5DED22257ED70084E57C /* Release */,
			);
			defaultConfigurationIsVisible = 0;
			defaultConfigurationName = Release;
		};
		54BF5DEE22257ED70084E57C /* Build configuration list for PBXNativeTarget "splitView2UITests" */ = {
			isa = XCConfigurationList;
			buildConfigurations = (
				54BF5DEF22257ED70084E57C /* Debug */,
				54BF5DF022257ED70084E57C /* Release */,
			);
			defaultConfigurationIsVisible = 0;
			defaultConfigurationName = Release;
		};
/* End XCConfigurationList section */
	};
	rootObject = 54BF5DB822257ED40084E57C /* Project object */;
}
